
Microsoft Visual Studio Solution File, Format Version 12.00
# Visual Studio Version 16
VisualStudioVersion = 16.0.30804.86
MinimumVisualStudioVersion = 10.0.40219.1
Project("{FAE04EC0-301F-11D3-BF4B-00C04F79EFBC}") = "Arrays", "Arrays\Arrays.csproj", "{9269D1D9-AADB-4F81-A8CB-A93F053D10F9}"
EndProject
Project("{FAE04EC0-301F-11D3-BF4B-00C04F79EFBC}") = "Listas", "Listas\Listas.csproj", "{410A87AF-8D74-4DA2-8344-7BD29F5C29C4}"
EndProject
Project("{FAE04EC0-301F-11D3-BF4B-00C04F79EFBC}") = "Listas de Objetos", "Listas de Objetos\Listas de Objetos.csproj", "{EE8E70C5-F63C-4443-AADA-3D3D13EA7DD6}"
EndProject
Project("{FAE04EC0-301F-11D3-BF4B-00C04F79EFBC}") = "Lista Somente Leitura", "Lista Somente Leitura\Lista Somente Leitura.csproj", "{9C8DB03B-BC46-49A2-9D8A-89505BC91809}"
EndProject
Project("{FAE04EC0-301F-11D3-BF4B-00C04F79EFBC}") = "Conjuntos-Sets", "Conjuntos-Sets\Conjuntos-Sets.csproj", "{E871480F-BB95-4F8B-9AC5-90EAA8F331AD}"
EndProject
Project("{FAE04EC0-301F-11D3-BF4B-00C04F79EFBC}") = "Set_Dentro_Modelo", "Set_Dentro_Modelo\Set_Dentro_Modelo.csproj", "{BFECED88-AC7C-487B-9DAA-676A68FD8522}"
EndProject
Global
	GlobalSection(SolutionConfigurationPlatforms) = preSolution
		Debug|Any CPU = Debug|Any CPU
		Release|Any CPU = Release|Any CPU
	EndGlobalSection
	GlobalSection(ProjectConfigurationPlatforms) = postSolution
		{9269D1D9-AADB-4F81-A8CB-A93F053D10F9}.Debug|Any CPU.ActiveCfg = Debug|Any CPU
		{9269D1D9-AADB-4F81-A8CB-A93F053D10F9}.Debug|Any CPU.Build.0 = Debug|Any CPU
		{9269D1D9-AADB-4F81-A8CB-A93F053D10F9}.Release|Any CPU.ActiveCfg = Release|Any CPU
		{9269D1D9-AADB-4F81-A8CB-A93F053D10F9}.Release|Any CPU.Build.0 = Release|Any CPU
		{410A87AF-8D74-4DA2-8344-7BD29F5C29C4}.Debug|Any CPU.ActiveCfg = Debug|Any CPU
		{410A87AF-8D74-4DA2-8344-7BD29F5C29C4}.Debug|Any CPU.Build.0 = Debug|Any CPU
		{410A87AF-8D74-4DA2-8344-7BD29F5C29C4}.Release|Any CPU.ActiveCfg = Release|Any CPU
		{410A87AF-8D74-4DA2-8344-7BD29F5C29C4}.Release|Any CPU.Build.0 = Release|Any CPU
		{EE8E70C5-F63C-4443-AADA-3D3D13EA7DD6}.Debug|Any CPU.ActiveCfg = Debug|Any CPU
		{EE8E70C5-F63C-4443-AADA-3D3D13EA7DD6}.Debug|Any CPU.Build.0 = Debug|Any CPU
		{EE8E70C5-F63C-4443-AADA-3D3D13EA7DD6}.Release|Any CPU.ActiveCfg = Release|Any CPU
		{EE8E70C5-F63C-4443-AADA-3D3D13EA7DD6}.Release|Any CPU.Build.0 = Release|Any CPU
		{9C8DB03B-BC46-49A2-9D8A-89505BC91809}.Debug|Any CPU.ActiveCfg = Debug|Any CPU
		{9C8DB03B-BC46-49A2-9D8A-89505BC91809}.Debug|Any CPU.Build.0 = Debug|Any CPU
		{9C8DB03B-BC46-49A2-9D8A-89505BC91809}.Release|Any CPU.ActiveCfg = Release|Any CPU
		{9C8DB03B-BC46-49A2-9D8A-89505BC91809}.Release|Any CPU.Build.0 = Release|Any CPU
		{E871480F-BB95-4F8B-9AC5-90EAA8F331AD}.Debug|Any CPU.ActiveCfg = Debug|Any CPU
		{E871480F-BB95-4F8B-9AC5-90EAA8F331AD}.Debug|Any CPU.Build.0 = Debug|Any CPU
		{E871480F-BB95-4F8B-9AC5-90EAA8F331AD}.Release|Any CPU.ActiveCfg = Release|Any CPU
		{E871480F-BB95-4F8B-9AC5-90EAA8F331AD}.Release|Any CPU.Build.0 = Release|Any CPU
		{BFECED88-AC7C-487B-9DAA-676A68FD8522}.Debug|Any CPU.ActiveCfg = Debug|Any CPU
		{BFECED88-AC7C-487B-9DAA-676A68FD8522}.Debug|Any CPU.Build.0 = Debug|Any CPU
		{BFECED88-AC7C-487B-9DAA-676A68FD8522}.Release|Any CPU.ActiveCfg = Release|Any CPU
		{BFECED88-AC7C-487B-9DAA-676A68FD8522}.Release|Any CPU.Build.0 = Release|Any CPU
	EndGlobalSection
	GlobalSection(SolutionProperties) = preSolution
		HideSolutionNode = FALSE
	EndGlobalSection
	GlobalSection(ExtensibilityGlobals) = postSolution
		SolutionGuid = {CA49E47F-3BB1-46DA-990D-68486D3C94C0}
	EndGlobalSection
EndGlobal
